
Microsoft Visual Studio Solution File, Format Version 12.00
# Visual Studio 2012
Project("{FAE04EC0-301F-11D3-BF4B-00C04F79EFBC}") = "ThorCyte.CarrierModule", "ThorCyte.CarrierModule\ThorCyte.CarrierModule.csproj", "{BCA9ADB7-40CA-407E-837E-BE7D791ABBFE}"
EndProject
Project("{FAE04EC0-301F-11D3-BF4B-00C04F79EFBC}") = "TestCarrier", "TestCarrier\TestCarrier.csproj", "{7AD0FC1E-4616-4009-AA17-1590B63170E5}"
EndProject
Project("{2150E333-8FDC-42A3-9474-1A3956D46DE8}") = "Solution Items", "Solution Items", "{28BE4F81-FDC3-40B6-94D4-19063B2778F5}"
	ProjectSection(SolutionItems) = preProject
		..\..\..\XML\Descriptor.xml = ..\..\..\XML\Descriptor.xml
	EndProjectSection
EndProject
Global
	GlobalSection(TeamFoundationVersionControl) = preSolution
		SccNumberOfProjects = 2
		SccEnterpriseProvider = {4CA58AB2-18FA-4F8D-95D4-32DDF27D184C}
		SccTeamFoundationServer = http://chn-vm-46:8080/tfs/thorcyteprocessteam
		SccProjectUniqueName0 = ThorCyte.CarrierModule\\ThorCyte.CarrierModule.csproj
		SccProjectName0 = ThorCyte.CarrierModule
		SccAuxPath0 = http://chn-vm-46:8080/tfs/thorcyteprocessteam
		SccLocalPath0 = ThorCyte.CarrierModule
		SccProvider0 = {4CA58AB2-18FA-4F8D-95D4-32DDF27D184C}
		SccProjectUniqueName1 = TestCarrier\\TestCarrier.csproj
		SccProjectName1 = TestCarrier
		SccAuxPath1 = http://chn-vm-46:8080/tfs/thorcyteprocessteam
		SccLocalPath1 = TestCarrier
		SccProvider1 = {4CA58AB2-18FA-4F8D-95D4-32DDF27D184C}
	EndGlobalSection
	GlobalSection(SolutionConfigurationPlatforms) = preSolution
		Debug|Any CPU = Debug|Any CPU
		Release|Any CPU = Release|Any CPU
	EndGlobalSection
	GlobalSection(ProjectConfigurationPlatforms) = postSolution
		{BCA9ADB7-40CA-407E-837E-BE7D791ABBFE}.Debug|Any CPU.ActiveCfg = Debug|Any CPU
		{BCA9ADB7-40CA-407E-837E-BE7D791ABBFE}.Debug|Any CPU.Build.0 = Debug|Any CPU
		{BCA9ADB7-40CA-407E-837E-BE7D791ABBFE}.Release|Any CPU.ActiveCfg = Release|Any CPU
		{BCA9ADB7-40CA-407E-837E-BE7D791ABBFE}.Release|Any CPU.Build.0 = Release|Any CPU
		{7AD0FC1E-4616-4009-AA17-1590B63170E5}.Debug|Any CPU.ActiveCfg = Debug|Any CPU
		{7AD0FC1E-4616-4009-AA17-1590B63170E5}.Debug|Any CPU.Build.0 = Debug|Any CPU
		{7AD0FC1E-4616-4009-AA17-1590B63170E5}.Release|Any CPU.ActiveCfg = Release|Any CPU
		{7AD0FC1E-4616-4009-AA17-1590B63170E5}.Release|Any CPU.Build.0 = Release|Any CPU
	EndGlobalSection
	GlobalSection(SolutionProperties) = preSolution
		HideSolutionNode = FALSE
	EndGlobalSection
EndGlobal
