
Microsoft Visual Studio Solution File, Format Version 12.00
# Visual Studio 2012
Project("{FAE04EC0-301F-11D3-BF4B-00C04F79EFBC}") = "ImageProcess", "ThorCyte\Common\ImageProcess\ImageProcess\ImageProcess.csproj", "{BFC42732-F58C-4217-8B7F-ADE6F00A8208}"
EndProject
Project("{FAE04EC0-301F-11D3-BF4B-00C04F79EFBC}") = "ROIService", "ThorCyte\Common\ROIService\ROIService\ROIService.csproj", "{122BB5D4-69A6-4351-929F-76EEBFA456A1}"
	ProjectSection(ProjectDependencies) = postProject
		{E664E623-FCEC-44EA-BAA1-75D7A6E4AE09} = {E664E623-FCEC-44EA-BAA1-75D7A6E4AE09}
	EndProjectSection
EndProject
Project("{FAE04EC0-301F-11D3-BF4B-00C04F79EFBC}") = "ThorCyte.Infrastructure", "ThorCyte\Common\ThorCyteInfrastructure\ThorCyte.Infrastructure.csproj", "{5C322343-B7C4-4E2F-ACE1-6FBC65EBE307}"
	ProjectSection(ProjectDependencies) = postProject
		{BFC42732-F58C-4217-8B7F-ADE6F00A8208} = {BFC42732-F58C-4217-8B7F-ADE6F00A8208}
		{5592F8E6-F526-4E9D-9D66-9DCE35E0D3AD} = {5592F8E6-F526-4E9D-9D66-9DCE35E0D3AD}
	EndProjectSection
EndProject
Project("{FAE04EC0-301F-11D3-BF4B-00C04F79EFBC}") = "ThorCyte", "ThorCyte\GUI\Application\ThorCyte\ThorCyte\ThorCyte.csproj", "{7AD0FC1E-4616-4009-AA17-1590B63170E5}"
	ProjectSection(ProjectDependencies) = postProject
		{4C84061B-38B7-41F4-B7E6-F92A516E4B21} = {4C84061B-38B7-41F4-B7E6-F92A516E4B21}
		{E664E623-FCEC-44EA-BAA1-75D7A6E4AE09} = {E664E623-FCEC-44EA-BAA1-75D7A6E4AE09}
		{BFC42732-F58C-4217-8B7F-ADE6F00A8208} = {BFC42732-F58C-4217-8B7F-ADE6F00A8208}
		{3F240239-F3D1-4039-BC38-24237D4423A7} = {3F240239-F3D1-4039-BC38-24237D4423A7}
		{89B11754-9306-49CA-96FA-B00B5DFD1B60} = {89B11754-9306-49CA-96FA-B00B5DFD1B60}
		{C9233068-4A01-40BD-9949-45F59DAF9F87} = {C9233068-4A01-40BD-9949-45F59DAF9F87}
		{B51A6970-C76F-4F18-85DE-7A292CED8973} = {B51A6970-C76F-4F18-85DE-7A292CED8973}
		{1E732C92-C5C2-4CE5-A762-CD682BF1F78E} = {1E732C92-C5C2-4CE5-A762-CD682BF1F78E}
		{BCA9ADB7-40CA-407E-837E-BE7D791ABBFE} = {BCA9ADB7-40CA-407E-837E-BE7D791ABBFE}
		{7411D5BE-0DF8-4D40-BC2E-F8B3FC4E31AD} = {7411D5BE-0DF8-4D40-BC2E-F8B3FC4E31AD}
		{D8BED3CC-6913-4649-949B-3D81E38ACFE8} = {D8BED3CC-6913-4649-949B-3D81E38ACFE8}
		{122BB5D4-69A6-4351-929F-76EEBFA456A1} = {122BB5D4-69A6-4351-929F-76EEBFA456A1}
		{097572E0-3099-4CBF-9DED-C31F1DCC4CC2} = {097572E0-3099-4CBF-9DED-C31F1DCC4CC2}
	EndProjectSection
EndProject
Project("{FAE04EC0-301F-11D3-BF4B-00C04F79EFBC}") = "ThorCyte.AnalysisModule", "ThorCyte\GUI\Modules\AnalysisModule\ThorCyte.AnalysisModule.csproj", "{097572E0-3099-4CBF-9DED-C31F1DCC4CC2}"
EndProject
Project("{FAE04EC0-301F-11D3-BF4B-00C04F79EFBC}") = "ThorCyte.CarrierModule", "ThorCyte\GUI\Modules\CarrierModule\ThorCyte.CarrierModule\ThorCyte.CarrierModule.csproj", "{BCA9ADB7-40CA-407E-837E-BE7D791ABBFE}"
	ProjectSection(ProjectDependencies) = postProject
		{5C322343-B7C4-4E2F-ACE1-6FBC65EBE307} = {5C322343-B7C4-4E2F-ACE1-6FBC65EBE307}
	EndProjectSection
EndProject
Project("{FAE04EC0-301F-11D3-BF4B-00C04F79EFBC}") = "ExperimentDetailModule", "ThorCyte\GUI\Modules\ExperimentDetailModule\ExperimentDetailModule\ExperimentDetailModule.csproj", "{C9233068-4A01-40BD-9949-45F59DAF9F87}"
	ProjectSection(ProjectDependencies) = postProject
		{5C322343-B7C4-4E2F-ACE1-6FBC65EBE307} = {5C322343-B7C4-4E2F-ACE1-6FBC65EBE307}
	EndProjectSection
EndProject
Project("{FAE04EC0-301F-11D3-BF4B-00C04F79EFBC}") = "ThorCyte.GraphicModule", "ThorCyte\GUI\Modules\GraphicModule\ThorCyte.GraphicModule\ThorCyte.GraphicModule.csproj", "{4C84061B-38B7-41F4-B7E6-F92A516E4B21}"
	ProjectSection(ProjectDependencies) = postProject
		{E664E623-FCEC-44EA-BAA1-75D7A6E4AE09} = {E664E623-FCEC-44EA-BAA1-75D7A6E4AE09}
		{5C322343-B7C4-4E2F-ACE1-6FBC65EBE307} = {5C322343-B7C4-4E2F-ACE1-6FBC65EBE307}
		{122BB5D4-69A6-4351-929F-76EEBFA456A1} = {122BB5D4-69A6-4351-929F-76EEBFA456A1}
	EndProjectSection
EndProject
Project("{FAE04EC0-301F-11D3-BF4B-00C04F79EFBC}") = "HeaderModule", "ThorCyte\GUI\Modules\HeaderModule\HeaderModule\HeaderModule.csproj", "{D8BED3CC-6913-4649-949B-3D81E38ACFE8}"
	ProjectSection(ProjectDependencies) = postProject
		{E664E623-FCEC-44EA-BAA1-75D7A6E4AE09} = {E664E623-FCEC-44EA-BAA1-75D7A6E4AE09}
		{5C322343-B7C4-4E2F-ACE1-6FBC65EBE307} = {5C322343-B7C4-4E2F-ACE1-6FBC65EBE307}
	EndProjectSection
EndProject
Project("{FAE04EC0-301F-11D3-BF4B-00C04F79EFBC}") = "ImageViewerModule", "ThorCyte\GUI\Modules\ImageViewerModule\ImageViewerModule.csproj", "{1E732C92-C5C2-4CE5-A762-CD682BF1F78E}"
	ProjectSection(ProjectDependencies) = postProject
		{BFC42732-F58C-4217-8B7F-ADE6F00A8208} = {BFC42732-F58C-4217-8B7F-ADE6F00A8208}
		{5C322343-B7C4-4E2F-ACE1-6FBC65EBE307} = {5C322343-B7C4-4E2F-ACE1-6FBC65EBE307}
	EndProjectSection
EndProject
Project("{FAE04EC0-301F-11D3-BF4B-00C04F79EFBC}") = "ThorCyte.ProtocolModule", "ThorCyte\GUI\Modules\ProtocolModule\ThorCyte.ProtocolModule\ThorCyte.ProtocolModule.csproj", "{B51A6970-C76F-4F18-85DE-7A292CED8973}"
	ProjectSection(ProjectDependencies) = postProject
		{E664E623-FCEC-44EA-BAA1-75D7A6E4AE09} = {E664E623-FCEC-44EA-BAA1-75D7A6E4AE09}
		{5C322343-B7C4-4E2F-ACE1-6FBC65EBE307} = {5C322343-B7C4-4E2F-ACE1-6FBC65EBE307}
	EndProjectSection
EndProject
Project("{FAE04EC0-301F-11D3-BF4B-00C04F79EFBC}") = "ThorCyte.ReviewModule", "ThorCyte\GUI\Modules\ReviewModule\ThorCyte.ReviewModule.csproj", "{3F240239-F3D1-4039-BC38-24237D4423A7}"
EndProject
Project("{FAE04EC0-301F-11D3-BF4B-00C04F79EFBC}") = "StatisticModule", "ThorCyte\GUI\Modules\StatisticModule\ThorCyte.StatisticModule\StatisticModule.csproj", "{89B11754-9306-49CA-96FA-B00B5DFD1B60}"
	ProjectSection(ProjectDependencies) = postProject
		{5C322343-B7C4-4E2F-ACE1-6FBC65EBE307} = {5C322343-B7C4-4E2F-ACE1-6FBC65EBE307}
	EndProjectSection
EndProject
Project("{2150E333-8FDC-42A3-9474-1A3956D46DE8}") = "Common", "Common", "{D6476FBF-B0E4-44EE-AF2E-AB0816181F62}"
EndProject
Project("{2150E333-8FDC-42A3-9474-1A3956D46DE8}") = "Modules", "Modules", "{34B1E6DF-0C3A-4C90-8B33-4478766A0C9E}"
EndProject
Project("{FAE04EC0-301F-11D3-BF4B-00C04F79EFBC}") = "ComponentDataService", "ThorCyte\Common\ComponentDataService\ComponentDataService.csproj", "{E664E623-FCEC-44EA-BAA1-75D7A6E4AE09}"
	ProjectSection(ProjectDependencies) = postProject
		{BFC42732-F58C-4217-8B7F-ADE6F00A8208} = {BFC42732-F58C-4217-8B7F-ADE6F00A8208}
		{5C322343-B7C4-4E2F-ACE1-6FBC65EBE307} = {5C322343-B7C4-4E2F-ACE1-6FBC65EBE307}
	EndProjectSection
EndProject
Project("{FAE04EC0-301F-11D3-BF4B-00C04F79EFBC}") = "ThorCyte.MosicaModule", "ThorCyte\GUI\Modules\MosicaModule\ThorCyte.MosicaModule.csproj", "{7411D5BE-0DF8-4D40-BC2E-F8B3FC4E31AD}"
EndProject
Project("{FAE04EC0-301F-11D3-BF4B-00C04F79EFBC}") = "LogService", "ThorCyte\Common\LogService\LogService\LogService.csproj", "{5592F8E6-F526-4E9D-9D66-9DCE35E0D3AD}"
EndProject
Global
	GlobalSection(SolutionConfigurationPlatforms) = preSolution
		Debug|Any CPU = Debug|Any CPU
		Debug|Mixed Platforms = Debug|Mixed Platforms
		Debug|x64 = Debug|x64
		Release|Any CPU = Release|Any CPU
		Release|Mixed Platforms = Release|Mixed Platforms
		Release|x64 = Release|x64
	EndGlobalSection
	GlobalSection(ProjectConfigurationPlatforms) = postSolution
		{BFC42732-F58C-4217-8B7F-ADE6F00A8208}.Debug|Any CPU.ActiveCfg = Debug|Any CPU
		{BFC42732-F58C-4217-8B7F-ADE6F00A8208}.Debug|Any CPU.Build.0 = Debug|Any CPU
		{BFC42732-F58C-4217-8B7F-ADE6F00A8208}.Debug|Mixed Platforms.ActiveCfg = Debug|Any CPU
		{BFC42732-F58C-4217-8B7F-ADE6F00A8208}.Debug|Mixed Platforms.Build.0 = Debug|Any CPU
		{BFC42732-F58C-4217-8B7F-ADE6F00A8208}.Debug|x64.ActiveCfg = Debug|Any CPU
		{BFC42732-F58C-4217-8B7F-ADE6F00A8208}.Release|Any CPU.ActiveCfg = Release|Any CPU
		{BFC42732-F58C-4217-8B7F-ADE6F00A8208}.Release|Any CPU.Build.0 = Release|Any CPU
		{BFC42732-F58C-4217-8B7F-ADE6F00A8208}.Release|Mixed Platforms.ActiveCfg = Release|Any CPU
		{BFC42732-F58C-4217-8B7F-ADE6F00A8208}.Release|Mixed Platforms.Build.0 = Release|Any CPU
		{BFC42732-F58C-4217-8B7F-ADE6F00A8208}.Release|x64.ActiveCfg = Release|Any CPU
		{122BB5D4-69A6-4351-929F-76EEBFA456A1}.Debug|Any CPU.ActiveCfg = Debug|Any CPU
		{122BB5D4-69A6-4351-929F-76EEBFA456A1}.Debug|Any CPU.Build.0 = Debug|Any CPU
		{122BB5D4-69A6-4351-929F-76EEBFA456A1}.Debug|Mixed Platforms.ActiveCfg = Debug|Any CPU
		{122BB5D4-69A6-4351-929F-76EEBFA456A1}.Debug|Mixed Platforms.Build.0 = Debug|Any CPU
		{122BB5D4-69A6-4351-929F-76EEBFA456A1}.Debug|x64.ActiveCfg = Debug|Any CPU
		{122BB5D4-69A6-4351-929F-76EEBFA456A1}.Release|Any CPU.ActiveCfg = Release|Any CPU
		{122BB5D4-69A6-4351-929F-76EEBFA456A1}.Release|Any CPU.Build.0 = Release|Any CPU
		{122BB5D4-69A6-4351-929F-76EEBFA456A1}.Release|Mixed Platforms.ActiveCfg = Release|Any CPU
		{122BB5D4-69A6-4351-929F-76EEBFA456A1}.Release|Mixed Platforms.Build.0 = Release|Any CPU
		{122BB5D4-69A6-4351-929F-76EEBFA456A1}.Release|x64.ActiveCfg = Release|Any CPU
		{5C322343-B7C4-4E2F-ACE1-6FBC65EBE307}.Debug|Any CPU.ActiveCfg = Debug|Any CPU
		{5C322343-B7C4-4E2F-ACE1-6FBC65EBE307}.Debug|Any CPU.Build.0 = Debug|Any CPU
		{5C322343-B7C4-4E2F-ACE1-6FBC65EBE307}.Debug|Mixed Platforms.ActiveCfg = Debug|Any CPU
		{5C322343-B7C4-4E2F-ACE1-6FBC65EBE307}.Debug|Mixed Platforms.Build.0 = Debug|Any CPU
		{5C322343-B7C4-4E2F-ACE1-6FBC65EBE307}.Debug|x64.ActiveCfg = Debug|Any CPU
		{5C322343-B7C4-4E2F-ACE1-6FBC65EBE307}.Release|Any CPU.ActiveCfg = Release|Any CPU
		{5C322343-B7C4-4E2F-ACE1-6FBC65EBE307}.Release|Any CPU.Build.0 = Release|Any CPU
		{5C322343-B7C4-4E2F-ACE1-6FBC65EBE307}.Release|Mixed Platforms.ActiveCfg = Release|Any CPU
		{5C322343-B7C4-4E2F-ACE1-6FBC65EBE307}.Release|Mixed Platforms.Build.0 = Release|Any CPU
		{5C322343-B7C4-4E2F-ACE1-6FBC65EBE307}.Release|x64.ActiveCfg = Release|Any CPU
		{7AD0FC1E-4616-4009-AA17-1590B63170E5}.Debug|Any CPU.ActiveCfg = Debug|Any CPU
		{7AD0FC1E-4616-4009-AA17-1590B63170E5}.Debug|Any CPU.Build.0 = Debug|Any CPU
		{7AD0FC1E-4616-4009-AA17-1590B63170E5}.Debug|Mixed Platforms.ActiveCfg = Debug|Any CPU
		{7AD0FC1E-4616-4009-AA17-1590B63170E5}.Debug|Mixed Platforms.Build.0 = Debug|Any CPU
		{7AD0FC1E-4616-4009-AA17-1590B63170E5}.Debug|x64.ActiveCfg = Debug|Any CPU
		{7AD0FC1E-4616-4009-AA17-1590B63170E5}.Release|Any CPU.ActiveCfg = Release|Any CPU
		{7AD0FC1E-4616-4009-AA17-1590B63170E5}.Release|Any CPU.Build.0 = Release|Any CPU
		{7AD0FC1E-4616-4009-AA17-1590B63170E5}.Release|Mixed Platforms.ActiveCfg = Release|Any CPU
		{7AD0FC1E-4616-4009-AA17-1590B63170E5}.Release|Mixed Platforms.Build.0 = Release|Any CPU
		{7AD0FC1E-4616-4009-AA17-1590B63170E5}.Release|x64.ActiveCfg = Release|Any CPU
		{097572E0-3099-4CBF-9DED-C31F1DCC4CC2}.Debug|Any CPU.ActiveCfg = Debug|Any CPU
		{097572E0-3099-4CBF-9DED-C31F1DCC4CC2}.Debug|Any CPU.Build.0 = Debug|Any CPU
		{097572E0-3099-4CBF-9DED-C31F1DCC4CC2}.Debug|Mixed Platforms.ActiveCfg = Debug|Any CPU
		{097572E0-3099-4CBF-9DED-C31F1DCC4CC2}.Debug|Mixed Platforms.Build.0 = Debug|Any CPU
		{097572E0-3099-4CBF-9DED-C31F1DCC4CC2}.Debug|x64.ActiveCfg = Debug|Any CPU
		{097572E0-3099-4CBF-9DED-C31F1DCC4CC2}.Release|Any CPU.ActiveCfg = Release|Any CPU
		{097572E0-3099-4CBF-9DED-C31F1DCC4CC2}.Release|Any CPU.Build.0 = Release|Any CPU
		{097572E0-3099-4CBF-9DED-C31F1DCC4CC2}.Release|Mixed Platforms.ActiveCfg = Release|Any CPU
		{097572E0-3099-4CBF-9DED-C31F1DCC4CC2}.Release|Mixed Platforms.Build.0 = Release|Any CPU
		{097572E0-3099-4CBF-9DED-C31F1DCC4CC2}.Release|x64.ActiveCfg = Release|Any CPU
		{BCA9ADB7-40CA-407E-837E-BE7D791ABBFE}.Debug|Any CPU.ActiveCfg = Debug|Any CPU
		{BCA9ADB7-40CA-407E-837E-BE7D791ABBFE}.Debug|Any CPU.Build.0 = Debug|Any CPU
		{BCA9ADB7-40CA-407E-837E-BE7D791ABBFE}.Debug|Mixed Platforms.ActiveCfg = Debug|Any CPU
		{BCA9ADB7-40CA-407E-837E-BE7D791ABBFE}.Debug|Mixed Platforms.Build.0 = Debug|Any CPU
		{BCA9ADB7-40CA-407E-837E-BE7D791ABBFE}.Debug|x64.ActiveCfg = Debug|Any CPU
		{BCA9ADB7-40CA-407E-837E-BE7D791ABBFE}.Release|Any CPU.ActiveCfg = Release|Any CPU
		{BCA9ADB7-40CA-407E-837E-BE7D791ABBFE}.Release|Any CPU.Build.0 = Release|Any CPU
		{BCA9ADB7-40CA-407E-837E-BE7D791ABBFE}.Release|Mixed Platforms.ActiveCfg = Release|Any CPU
		{BCA9ADB7-40CA-407E-837E-BE7D791ABBFE}.Release|Mixed Platforms.Build.0 = Release|Any CPU
		{BCA9ADB7-40CA-407E-837E-BE7D791ABBFE}.Release|x64.ActiveCfg = Release|Any CPU
		{C9233068-4A01-40BD-9949-45F59DAF9F87}.Debug|Any CPU.ActiveCfg = Debug|Any CPU
		{C9233068-4A01-40BD-9949-45F59DAF9F87}.Debug|Any CPU.Build.0 = Debug|Any CPU
		{C9233068-4A01-40BD-9949-45F59DAF9F87}.Debug|Mixed Platforms.ActiveCfg = Debug|Any CPU
		{C9233068-4A01-40BD-9949-45F59DAF9F87}.Debug|Mixed Platforms.Build.0 = Debug|Any CPU
		{C9233068-4A01-40BD-9949-45F59DAF9F87}.Debug|x64.ActiveCfg = Debug|Any CPU
		{C9233068-4A01-40BD-9949-45F59DAF9F87}.Release|Any CPU.ActiveCfg = Release|Any CPU
		{C9233068-4A01-40BD-9949-45F59DAF9F87}.Release|Any CPU.Build.0 = Release|Any CPU
		{C9233068-4A01-40BD-9949-45F59DAF9F87}.Release|Mixed Platforms.ActiveCfg = Release|Any CPU
		{C9233068-4A01-40BD-9949-45F59DAF9F87}.Release|Mixed Platforms.Build.0 = Release|Any CPU
		{C9233068-4A01-40BD-9949-45F59DAF9F87}.Release|x64.ActiveCfg = Release|Any CPU
		{4C84061B-38B7-41F4-B7E6-F92A516E4B21}.Debug|Any CPU.ActiveCfg = Debug|Any CPU
		{4C84061B-38B7-41F4-B7E6-F92A516E4B21}.Debug|Any CPU.Build.0 = Debug|Any CPU
		{4C84061B-38B7-41F4-B7E6-F92A516E4B21}.Debug|Mixed Platforms.ActiveCfg = Debug|Any CPU
		{4C84061B-38B7-41F4-B7E6-F92A516E4B21}.Debug|Mixed Platforms.Build.0 = Debug|Any CPU
		{4C84061B-38B7-41F4-B7E6-F92A516E4B21}.Debug|x64.ActiveCfg = Debug|Any CPU
		{4C84061B-38B7-41F4-B7E6-F92A516E4B21}.Release|Any CPU.ActiveCfg = Release|Any CPU
		{4C84061B-38B7-41F4-B7E6-F92A516E4B21}.Release|Any CPU.Build.0 = Release|Any CPU
		{4C84061B-38B7-41F4-B7E6-F92A516E4B21}.Release|Mixed Platforms.ActiveCfg = Release|Any CPU
		{4C84061B-38B7-41F4-B7E6-F92A516E4B21}.Release|Mixed Platforms.Build.0 = Release|Any CPU
		{4C84061B-38B7-41F4-B7E6-F92A516E4B21}.Release|x64.ActiveCfg = Release|Any CPU
		{D8BED3CC-6913-4649-949B-3D81E38ACFE8}.Debug|Any CPU.ActiveCfg = Debug|Any CPU
		{D8BED3CC-6913-4649-949B-3D81E38ACFE8}.Debug|Any CPU.Build.0 = Debug|Any CPU
		{D8BED3CC-6913-4649-949B-3D81E38ACFE8}.Debug|Mixed Platforms.ActiveCfg = Debug|Any CPU
		{D8BED3CC-6913-4649-949B-3D81E38ACFE8}.Debug|Mixed Platforms.Build.0 = Debug|Any CPU
		{D8BED3CC-6913-4649-949B-3D81E38ACFE8}.Debug|x64.ActiveCfg = Debug|Any CPU
		{D8BED3CC-6913-4649-949B-3D81E38ACFE8}.Release|Any CPU.ActiveCfg = Release|Any CPU
		{D8BED3CC-6913-4649-949B-3D81E38ACFE8}.Release|Any CPU.Build.0 = Release|Any CPU
		{D8BED3CC-6913-4649-949B-3D81E38ACFE8}.Release|Mixed Platforms.ActiveCfg = Release|Any CPU
		{D8BED3CC-6913-4649-949B-3D81E38ACFE8}.Release|Mixed Platforms.Build.0 = Release|Any CPU
		{D8BED3CC-6913-4649-949B-3D81E38ACFE8}.Release|x64.ActiveCfg = Release|Any CPU
		{1E732C92-C5C2-4CE5-A762-CD682BF1F78E}.Debug|Any CPU.ActiveCfg = Debug|Any CPU
		{1E732C92-C5C2-4CE5-A762-CD682BF1F78E}.Debug|Any CPU.Build.0 = Debug|Any CPU
		{1E732C92-C5C2-4CE5-A762-CD682BF1F78E}.Debug|Mixed Platforms.ActiveCfg = Debug|Any CPU
		{1E732C92-C5C2-4CE5-A762-CD682BF1F78E}.Debug|Mixed Platforms.Build.0 = Debug|Any CPU
		{1E732C92-C5C2-4CE5-A762-CD682BF1F78E}.Debug|x64.ActiveCfg = Debug|x64
		{1E732C92-C5C2-4CE5-A762-CD682BF1F78E}.Debug|x64.Build.0 = Debug|x64
		{1E732C92-C5C2-4CE5-A762-CD682BF1F78E}.Release|Any CPU.ActiveCfg = Release|Any CPU
		{1E732C92-C5C2-4CE5-A762-CD682BF1F78E}.Release|Any CPU.Build.0 = Release|Any CPU
		{1E732C92-C5C2-4CE5-A762-CD682BF1F78E}.Release|Mixed Platforms.ActiveCfg = Release|Any CPU
		{1E732C92-C5C2-4CE5-A762-CD682BF1F78E}.Release|Mixed Platforms.Build.0 = Release|Any CPU
		{1E732C92-C5C2-4CE5-A762-CD682BF1F78E}.Release|x64.ActiveCfg = Release|x64
		{1E732C92-C5C2-4CE5-A762-CD682BF1F78E}.Release|x64.Build.0 = Release|x64
		{B51A6970-C76F-4F18-85DE-7A292CED8973}.Debug|Any CPU.ActiveCfg = Debug|Any CPU
		{B51A6970-C76F-4F18-85DE-7A292CED8973}.Debug|Any CPU.Build.0 = Debug|Any CPU
		{B51A6970-C76F-4F18-85DE-7A292CED8973}.Debug|Mixed Platforms.ActiveCfg = Debug|Any CPU
		{B51A6970-C76F-4F18-85DE-7A292CED8973}.Debug|Mixed Platforms.Build.0 = Debug|Any CPU
		{B51A6970-C76F-4F18-85DE-7A292CED8973}.Debug|x64.ActiveCfg = Debug|Any CPU
		{B51A6970-C76F-4F18-85DE-7A292CED8973}.Release|Any CPU.ActiveCfg = Release|Any CPU
		{B51A6970-C76F-4F18-85DE-7A292CED8973}.Release|Any CPU.Build.0 = Release|Any CPU
		{B51A6970-C76F-4F18-85DE-7A292CED8973}.Release|Mixed Platforms.ActiveCfg = Release|Any CPU
		{B51A6970-C76F-4F18-85DE-7A292CED8973}.Release|Mixed Platforms.Build.0 = Release|Any CPU
		{B51A6970-C76F-4F18-85DE-7A292CED8973}.Release|x64.ActiveCfg = Release|Any CPU
		{3F240239-F3D1-4039-BC38-24237D4423A7}.Debug|Any CPU.ActiveCfg = Debug|Any CPU
		{3F240239-F3D1-4039-BC38-24237D4423A7}.Debug|Any CPU.Build.0 = Debug|Any CPU
		{3F240239-F3D1-4039-BC38-24237D4423A7}.Debug|Mixed Platforms.ActiveCfg = Debug|Any CPU
		{3F240239-F3D1-4039-BC38-24237D4423A7}.Debug|Mixed Platforms.Build.0 = Debug|Any CPU
		{3F240239-F3D1-4039-BC38-24237D4423A7}.Debug|x64.ActiveCfg = Debug|Any CPU
		{3F240239-F3D1-4039-BC38-24237D4423A7}.Release|Any CPU.ActiveCfg = Release|Any CPU
		{3F240239-F3D1-4039-BC38-24237D4423A7}.Release|Any CPU.Build.0 = Release|Any CPU
		{3F240239-F3D1-4039-BC38-24237D4423A7}.Release|Mixed Platforms.ActiveCfg = Release|Any CPU
		{3F240239-F3D1-4039-BC38-24237D4423A7}.Release|Mixed Platforms.Build.0 = Release|Any CPU
		{3F240239-F3D1-4039-BC38-24237D4423A7}.Release|x64.ActiveCfg = Release|Any CPU
		{89B11754-9306-49CA-96FA-B00B5DFD1B60}.Debug|Any CPU.ActiveCfg = Debug|Any CPU
		{89B11754-9306-49CA-96FA-B00B5DFD1B60}.Debug|Any CPU.Build.0 = Debug|Any CPU
		{89B11754-9306-49CA-96FA-B00B5DFD1B60}.Debug|Mixed Platforms.ActiveCfg = Debug|Any CPU
		{89B11754-9306-49CA-96FA-B00B5DFD1B60}.Debug|Mixed Platforms.Build.0 = Debug|Any CPU
		{89B11754-9306-49CA-96FA-B00B5DFD1B60}.Debug|x64.ActiveCfg = Debug|Any CPU
		{89B11754-9306-49CA-96FA-B00B5DFD1B60}.Release|Any CPU.ActiveCfg = Release|Any CPU
		{89B11754-9306-49CA-96FA-B00B5DFD1B60}.Release|Any CPU.Build.0 = Release|Any CPU
		{89B11754-9306-49CA-96FA-B00B5DFD1B60}.Release|Mixed Platforms.ActiveCfg = Release|Any CPU
		{89B11754-9306-49CA-96FA-B00B5DFD1B60}.Release|Mixed Platforms.Build.0 = Release|Any CPU
		{89B11754-9306-49CA-96FA-B00B5DFD1B60}.Release|x64.ActiveCfg = Release|Any CPU
		{E664E623-FCEC-44EA-BAA1-75D7A6E4AE09}.Debug|Any CPU.ActiveCfg = Debug|Any CPU
		{E664E623-FCEC-44EA-BAA1-75D7A6E4AE09}.Debug|Any CPU.Build.0 = Debug|Any CPU
		{E664E623-FCEC-44EA-BAA1-75D7A6E4AE09}.Debug|Mixed Platforms.ActiveCfg = Debug|Any CPU
		{E664E623-FCEC-44EA-BAA1-75D7A6E4AE09}.Debug|Mixed Platforms.Build.0 = Debug|Any CPU
		{E664E623-FCEC-44EA-BAA1-75D7A6E4AE09}.Debug|x64.ActiveCfg = Debug|Any CPU
		{E664E623-FCEC-44EA-BAA1-75D7A6E4AE09}.Release|Any CPU.ActiveCfg = Release|Any CPU
		{E664E623-FCEC-44EA-BAA1-75D7A6E4AE09}.Release|Any CPU.Build.0 = Release|Any CPU
		{E664E623-FCEC-44EA-BAA1-75D7A6E4AE09}.Release|Mixed Platforms.ActiveCfg = Release|Any CPU
		{E664E623-FCEC-44EA-BAA1-75D7A6E4AE09}.Release|Mixed Platforms.Build.0 = Release|Any CPU
		{E664E623-FCEC-44EA-BAA1-75D7A6E4AE09}.Release|x64.ActiveCfg = Release|Any CPU
		{7411D5BE-0DF8-4D40-BC2E-F8B3FC4E31AD}.Debug|Any CPU.ActiveCfg = Debug|Any CPU
		{7411D5BE-0DF8-4D40-BC2E-F8B3FC4E31AD}.Debug|Any CPU.Build.0 = Debug|Any CPU
		{7411D5BE-0DF8-4D40-BC2E-F8B3FC4E31AD}.Debug|Mixed Platforms.ActiveCfg = Debug|Any CPU
		{7411D5BE-0DF8-4D40-BC2E-F8B3FC4E31AD}.Debug|Mixed Platforms.Build.0 = Debug|Any CPU
		{7411D5BE-0DF8-4D40-BC2E-F8B3FC4E31AD}.Debug|x64.ActiveCfg = Debug|Any CPU
		{7411D5BE-0DF8-4D40-BC2E-F8B3FC4E31AD}.Release|Any CPU.ActiveCfg = Release|Any CPU
		{7411D5BE-0DF8-4D40-BC2E-F8B3FC4E31AD}.Release|Any CPU.Build.0 = Release|Any CPU
		{7411D5BE-0DF8-4D40-BC2E-F8B3FC4E31AD}.Release|Mixed Platforms.ActiveCfg = Release|Any CPU
		{7411D5BE-0DF8-4D40-BC2E-F8B3FC4E31AD}.Release|Mixed Platforms.Build.0 = Release|Any CPU
		{7411D5BE-0DF8-4D40-BC2E-F8B3FC4E31AD}.Release|x64.ActiveCfg = Release|Any CPU
		{5592F8E6-F526-4E9D-9D66-9DCE35E0D3AD}.Debug|Any CPU.ActiveCfg = Debug|Any CPU
		{5592F8E6-F526-4E9D-9D66-9DCE35E0D3AD}.Debug|Any CPU.Build.0 = Debug|Any CPU
		{5592F8E6-F526-4E9D-9D66-9DCE35E0D3AD}.Debug|Mixed Platforms.ActiveCfg = Debug|Any CPU
		{5592F8E6-F526-4E9D-9D66-9DCE35E0D3AD}.Debug|Mixed Platforms.Build.0 = Debug|Any CPU
		{5592F8E6-F526-4E9D-9D66-9DCE35E0D3AD}.Debug|x64.ActiveCfg = Debug|Any CPU
		{5592F8E6-F526-4E9D-9D66-9DCE35E0D3AD}.Release|Any CPU.ActiveCfg = Release|Any CPU
		{5592F8E6-F526-4E9D-9D66-9DCE35E0D3AD}.Release|Any CPU.Build.0 = Release|Any CPU
		{5592F8E6-F526-4E9D-9D66-9DCE35E0D3AD}.Release|Mixed Platforms.ActiveCfg = Release|Any CPU
		{5592F8E6-F526-4E9D-9D66-9DCE35E0D3AD}.Release|Mixed Platforms.Build.0 = Release|Any CPU
		{5592F8E6-F526-4E9D-9D66-9DCE35E0D3AD}.Release|x64.ActiveCfg = Release|Any CPU
	EndGlobalSection
	GlobalSection(SolutionProperties) = preSolution
		HideSolutionNode = FALSE
	EndGlobalSection
	GlobalSection(NestedProjects) = preSolution
		{122BB5D4-69A6-4351-929F-76EEBFA456A1} = {D6476FBF-B0E4-44EE-AF2E-AB0816181F62}
		{5C322343-B7C4-4E2F-ACE1-6FBC65EBE307} = {D6476FBF-B0E4-44EE-AF2E-AB0816181F62}
		{BFC42732-F58C-4217-8B7F-ADE6F00A8208} = {D6476FBF-B0E4-44EE-AF2E-AB0816181F62}
		{E664E623-FCEC-44EA-BAA1-75D7A6E4AE09} = {D6476FBF-B0E4-44EE-AF2E-AB0816181F62}
		{5592F8E6-F526-4E9D-9D66-9DCE35E0D3AD} = {D6476FBF-B0E4-44EE-AF2E-AB0816181F62}
		{BCA9ADB7-40CA-407E-837E-BE7D791ABBFE} = {34B1E6DF-0C3A-4C90-8B33-4478766A0C9E}
		{C9233068-4A01-40BD-9949-45F59DAF9F87} = {34B1E6DF-0C3A-4C90-8B33-4478766A0C9E}
		{4C84061B-38B7-41F4-B7E6-F92A516E4B21} = {34B1E6DF-0C3A-4C90-8B33-4478766A0C9E}
		{D8BED3CC-6913-4649-949B-3D81E38ACFE8} = {34B1E6DF-0C3A-4C90-8B33-4478766A0C9E}
		{1E732C92-C5C2-4CE5-A762-CD682BF1F78E} = {34B1E6DF-0C3A-4C90-8B33-4478766A0C9E}
		{B51A6970-C76F-4F18-85DE-7A292CED8973} = {34B1E6DF-0C3A-4C90-8B33-4478766A0C9E}
		{3F240239-F3D1-4039-BC38-24237D4423A7} = {34B1E6DF-0C3A-4C90-8B33-4478766A0C9E}
		{89B11754-9306-49CA-96FA-B00B5DFD1B60} = {34B1E6DF-0C3A-4C90-8B33-4478766A0C9E}
		{097572E0-3099-4CBF-9DED-C31F1DCC4CC2} = {34B1E6DF-0C3A-4C90-8B33-4478766A0C9E}
		{7411D5BE-0DF8-4D40-BC2E-F8B3FC4E31AD} = {34B1E6DF-0C3A-4C90-8B33-4478766A0C9E}
	EndGlobalSection
EndGlobal
